{
    "_meta": {
        "hash": {
            "sha256": "8d5e5f5d9db12126890a958d663e0fb38f1e50e27cec1188ccef4cab0fc1564d"
        },
        "pipfile-spec": 6,
        "requires": {
            "python_version": "3.9"
        },
        "sources": [
            {
                "name": "pypi",
                "url": "https://pypi.org/simple",
                "verify_ssl": true
            }
        ]
    },
    "default": {
        "autopep8": {
            "hashes": [
                "sha256:276ced7e9e3cb22e5d7c14748384a5cf5d9002257c0ed50c0e075b68011bb6d0",
                "sha256:aa213493c30dcdac99537249ee65b24af0b2c29f2e83cd8b3f68760441ed0db9"
            ],
            "index": "pypi",
            "version": "==1.5.7"
        },
        "pycodestyle": {
            "hashes": [
                "sha256:720f8b39dde8b293825e7ff02c475f3077124006db4f440dcbc9a20b76548a20",
                "sha256:eddd5847ef438ea1c7870ca7eb78a9d47ce0cdb4851a5523949f2601d0cbbe7f"
            ],
            "markers": "python_version >= '2.7' and python_version not in '3.0, 3.1, 3.2, 3.3, 3.4'",
            "version": "==2.8.0"
        },
        "toml": {
            "hashes": [
                "sha256:806143ae5bfb6a3c6e736a764057db0e6a0e05e338b5630894a5f779cabb4f9b",
                "sha256:b3bda1d108d5dd99f4a20d24d9c348e91c4db7ab1b749200bded2f839ccbe68f"
            ],
            "markers": "python_version >= '2.6' and python_version not in '3.0, 3.1, 3.2'",
            "version": "==0.10.2"
        },
        "watchgod": {
            "hashes": [
                "sha256:48140d62b0ebe9dd9cf8381337f06351e1f2e70b2203fa9c6eff4e572ca84f29",
                "sha256:d6c1ea21df37847ac0537ca0d6c2f4cdf513562e95f77bb93abbcf05573407b7"
            ],
            "index": "pypi",
            "version": "==0.7"
        }
    },
    "develop": {}
}
